// !$*UTF8*$!
{
	archiveVersion = 1;
	classes = {
	};
	objectVersion = 46;
	objects = {

/* Begin PBXBuildFile section */
		BE31D30F192C800F00316AEC /* Foundation.framework in Frameworks */ = {isa = PBXBuildFile; fileRef = BE31D30E192C800F00316AEC /* Foundation.framework */; };
		BE31D311192C800F00316AEC /* CoreGraphics.framework in Frameworks */ = {isa = PBXBuildFile; fileRef = BE31D310192C800F00316AEC /* CoreGraphics.framework */; };
		BE31D313192C800F00316AEC /* UIKit.framework in Frameworks */ = {isa = PBXBuildFile; fileRef = BE31D312192C800F00316AEC /* UIKit.framework */; };
		BE31D319192C800F00316AEC /* InfoPlist.strings in Resources */ = {isa = PBXBuildFile; fileRef = BE31D317192C800F00316AEC /* InfoPlist.strings */; };
		BE31D31B192C800F00316AEC /* main.m in Sources */ = {isa = PBXBuildFile; fileRef = BE31D31A192C800F00316AEC /* main.m */; };
		BE31D31F192C800F00316AEC /* AppDelegate.m in Sources */ = {isa = PBXBuildFile; fileRef = BE31D31E192C800F00316AEC /* AppDelegate.m */; };
		BE31D321192C800F00316AEC /* Images.xcassets in Resources */ = {isa = PBXBuildFile; fileRef = BE31D320192C800F00316AEC /* Images.xcassets */; };
		BE31D328192C800F00316AEC /* XCTest.framework in Frameworks */ = {isa = PBXBuildFile; fileRef = BE31D327192C800F00316AEC /* XCTest.framework */; };
		BE31D329192C800F00316AEC /* Foundation.framework in Frameworks */ = {isa = PBXBuildFile; fileRef = BE31D30E192C800F00316AEC /* Foundation.framework */; };
		BE31D32A192C800F00316AEC /* UIKit.framework in Frameworks */ = {isa = PBXBuildFile; fileRef = BE31D312192C800F00316AEC /* UIKit.framework */; };
		BE31D332192C800F00316AEC /* InfoPlist.strings in Resources */ = {isa = PBXBuildFile; fileRef = BE31D330192C800F00316AEC /* InfoPlist.strings */; };
		BE31D334192C800F00316AEC /* Found_LostTests.m in Sources */ = {isa = PBXBuildFile; fileRef = BE31D333192C800F00316AEC /* Found_LostTests.m */; };
		BE31D342192C82B400316AEC /* icon.png in Resources */ = {isa = PBXBuildFile; fileRef = BE31D33E192C82B400316AEC /* icon.png */; };
		BE31D343192C82B400316AEC /* icon@2x.png in Resources */ = {isa = PBXBuildFile; fileRef = BE31D33F192C82B400316AEC /* icon@2x.png */; };
		BE31D344192C82B400316AEC /* icon120.png in Resources */ = {isa = PBXBuildFile; fileRef = BE31D340192C82B400316AEC /* icon120.png */; };
		BE31D345192C82B400316AEC /* icon512x512.png in Resources */ = {isa = PBXBuildFile; fileRef = BE31D341192C82B400316AEC /* icon512x512.png */; };
		BE31D348192C835200316AEC /* Default-568h@2x.png in Resources */ = {isa = PBXBuildFile; fileRef = BE31D346192C835200316AEC /* Default-568h@2x.png */; };
		BE31D349192C835200316AEC /* Default@2x.png in Resources */ = {isa = PBXBuildFile; fileRef = BE31D347192C835200316AEC /* Default@2x.png */; };
		BE31D34D192C84D800316AEC /* RootViewController.m in Sources */ = {isa = PBXBuildFile; fileRef = BE31D34C192C84D800316AEC /* RootViewController.m */; };
		BE31D358192C9CB600316AEC /* OptionView.m in Sources */ = {isa = PBXBuildFile; fileRef = BE31D357192C9CB600316AEC /* OptionView.m */; };
		BE31D360192D90C400316AEC /* pull_bg@2x.png in Resources */ = {isa = PBXBuildFile; fileRef = BE31D35F192D90C400316AEC /* pull_bg@2x.png */; };
		BE31D363192D93F300316AEC /* top_bar_6@2x.png in Resources */ = {isa = PBXBuildFile; fileRef = BE31D361192D93F300316AEC /* top_bar_6@2x.png */; };
		BE31D364192D93F300316AEC /* top_bar@2x.png in Resources */ = {isa = PBXBuildFile; fileRef = BE31D362192D93F300316AEC /* top_bar@2x.png */; };
		BE31D366192D9A0E00316AEC /* line@2x.png in Resources */ = {isa = PBXBuildFile; fileRef = BE31D365192D9A0E00316AEC /* line@2x.png */; };
		BE31D368192D9CD200316AEC /* jt@2x.png in Resources */ = {isa = PBXBuildFile; fileRef = BE31D367192D9CD200316AEC /* jt@2x.png */; };
		BE31D36B192D9EC300316AEC /* FoundTableViewCell.m in Sources */ = {isa = PBXBuildFile; fileRef = BE31D36A192D9EC300316AEC /* FoundTableViewCell.m */; };
		BE31D36D192DACBC00316AEC /* btn_bg@2x.png in Resources */ = {isa = PBXBuildFile; fileRef = BE31D36C192DACBC00316AEC /* btn_bg@2x.png */; };
		BE31D36F192DACFD00316AEC /* btn_icon@2x.png in Resources */ = {isa = PBXBuildFile; fileRef = BE31D36E192DACFD00316AEC /* btn_icon@2x.png */; };
		BE31D374192DCB4700316AEC /* News.m in Sources */ = {isa = PBXBuildFile; fileRef = BE31D373192DCB4700316AEC /* News.m */; };
		BE31D376192DCD2A00316AEC /* BmobSDK.framework in Frameworks */ = {isa = PBXBuildFile; fileRef = BE31D375192DCD2A00316AEC /* BmobSDK.framework */; };
		BE31D378192DCD3900316AEC /* CoreLocation.framework in Frameworks */ = {isa = PBXBuildFile; fileRef = BE31D377192DCD3900316AEC /* CoreLocation.framework */; };
		BE31D37A192DCD5200316AEC /* Security.framework in Frameworks */ = {isa = PBXBuildFile; fileRef = BE31D379192DCD5200316AEC /* Security.framework */; };
		BE31D37C192DCD5D00316AEC /* MobileCoreServices.framework in Frameworks */ = {isa = PBXBuildFile; fileRef = BE31D37B192DCD5D00316AEC /* MobileCoreServices.framework */; };
		BE31D37E192DCD6300316AEC /* CFNetwork.framework in Frameworks */ = {isa = PBXBuildFile; fileRef = BE31D37D192DCD6300316AEC /* CFNetwork.framework */; };
		BE31D380192DCD6A00316AEC /* CoreTelephony.framework in Frameworks */ = {isa = PBXBuildFile; fileRef = BE31D37F192DCD6A00316AEC /* CoreTelephony.framework */; };
		BE31D382192DCD7000316AEC /* SystemConfiguration.framework in Frameworks */ = {isa = PBXBuildFile; fileRef = BE31D381192DCD7000316AEC /* SystemConfiguration.framework */; };
		BE31D384192DCD7600316AEC /* libz.1.2.5.dylib in Frameworks */ = {isa = PBXBuildFile; fileRef = BE31D383192DCD7600316AEC /* libz.1.2.5.dylib */; };
		BE31D387192DDDFB00316AEC /* AddViewController.m in Sources */ = {isa = PBXBuildFile; fileRef = BE31D386192DDDFB00316AEC /* AddViewController.m */; };
		BE31D38A192DE17000316AEC /* add_@2x.png in Resources */ = {isa = PBXBuildFile; fileRef = BE31D388192DE17000316AEC /* add_@2x.png */; };
		BE31D38B192DE17000316AEC /* add@2x.png in Resources */ = {isa = PBXBuildFile; fileRef = BE31D389192DE17000316AEC /* add@2x.png */; };
		BE31D390192DE6EE00316AEC /* back_@2x.png in Resources */ = {isa = PBXBuildFile; fileRef = BE31D38C192DE6EE00316AEC /* back_@2x.png */; };
		BE31D391192DE6EE00316AEC /* back@2x.png in Resources */ = {isa = PBXBuildFile; fileRef = BE31D38D192DE6EE00316AEC /* back@2x.png */; };
		BE31D392192DE6EE00316AEC /* yes_@2x.png in Resources */ = {isa = PBXBuildFile; fileRef = BE31D38E192DE6EE00316AEC /* yes_@2x.png */; };
		BE31D393192DE6EE00316AEC /* yes@2x.png in Resources */ = {isa = PBXBuildFile; fileRef = BE31D38F192DE6EE00316AEC /* yes@2x.png */; };
		BE31D395192DE8FD00316AEC /* add_bg.png in Resources */ = {isa = PBXBuildFile; fileRef = BE31D394192DE8FD00316AEC /* add_bg.png */; };
/* End PBXBuildFile section */

/* Begin PBXContainerItemProxy section */
		BE31D32B192C800F00316AEC /* PBXContainerItemProxy */ = {
			isa = PBXContainerItemProxy;
			containerPortal = BE31D303192C800F00316AEC /* Project object */;
			proxyType = 1;
			remoteGlobalIDString = BE31D30A192C800F00316AEC;
			remoteInfo = "Found+Lost";
		};
/* End PBXContainerItemProxy section */

/* Begin PBXFileReference section */
		BE31D30B192C800F00316AEC /* Found+Lost.app */ = {isa = PBXFileReference; explicitFileType = wrapper.application; includeInIndex = 0; path = "Found+Lost.app"; sourceTree = BUILT_PRODUCTS_DIR; };
		BE31D30E192C800F00316AEC /* Foundation.framework */ = {isa = PBXFileReference; lastKnownFileType = wrapper.framework; name = Foundation.framework; path = System/Library/Frameworks/Foundation.framework; sourceTree = SDKROOT; };
		BE31D310192C800F00316AEC /* CoreGraphics.framework */ = {isa = PBXFileReference; lastKnownFileType = wrapper.framework; name = CoreGraphics.framework; path = System/Library/Frameworks/CoreGraphics.framework; sourceTree = SDKROOT; };
		BE31D312192C800F00316AEC /* UIKit.framework */ = {isa = PBXFileReference; lastKnownFileType = wrapper.framework; name = UIKit.framework; path = System/Library/Frameworks/UIKit.framework; sourceTree = SDKROOT; };
		BE31D316192C800F00316AEC /* Found+Lost-Info.plist */ = {isa = PBXFileReference; lastKnownFileType = text.plist.xml; path = "Found+Lost-Info.plist"; sourceTree = "<group>"; };
		BE31D318192C800F00316AEC /* en */ = {isa = PBXFileReference; lastKnownFileType = text.plist.strings; name = en; path = en.lproj/InfoPlist.strings; sourceTree = "<group>"; };
		BE31D31A192C800F00316AEC /* main.m */ = {isa = PBXFileReference; lastKnownFileType = sourcecode.c.objc; path = main.m; sourceTree = "<group>"; };
		BE31D31C192C800F00316AEC /* Found+Lost-Prefix.pch */ = {isa = PBXFileReference; lastKnownFileType = sourcecode.c.h; path = "Found+Lost-Prefix.pch"; sourceTree = "<group>"; };
		BE31D31D192C800F00316AEC /* AppDelegate.h */ = {isa = PBXFileReference; lastKnownFileType = sourcecode.c.h; path = AppDelegate.h; sourceTree = "<group>"; };
		BE31D31E192C800F00316AEC /* AppDelegate.m */ = {isa = PBXFileReference; lastKnownFileType = sourcecode.c.objc; path = AppDelegate.m; sourceTree = "<group>"; };
		BE31D320192C800F00316AEC /* Images.xcassets */ = {isa = PBXFileReference; lastKnownFileType = folder.assetcatalog; path = Images.xcassets; sourceTree = "<group>"; };
		BE31D326192C800F00316AEC /* Found+LostTests.xctest */ = {isa = PBXFileReference; explicitFileType = wrapper.cfbundle; includeInIndex = 0; path = "Found+LostTests.xctest"; sourceTree = BUILT_PRODUCTS_DIR; };
		BE31D327192C800F00316AEC /* XCTest.framework */ = {isa = PBXFileReference; lastKnownFileType = wrapper.framework; name = XCTest.framework; path = Library/Frameworks/XCTest.framework; sourceTree = DEVELOPER_DIR; };
		BE31D32F192C800F00316AEC /* Found+LostTests-Info.plist */ = {isa = PBXFileReference; lastKnownFileType = text.plist.xml; path = "Found+LostTests-Info.plist"; sourceTree = "<group>"; };
		BE31D331192C800F00316AEC /* en */ = {isa = PBXFileReference; lastKnownFileType = text.plist.strings; name = en; path = en.lproj/InfoPlist.strings; sourceTree = "<group>"; };
		BE31D333192C800F00316AEC /* Found_LostTests.m */ = {isa = PBXFileReference; lastKnownFileType = sourcecode.c.objc; path = Found_LostTests.m; sourceTree = "<group>"; };
		BE31D33E192C82B400316AEC /* icon.png */ = {isa = PBXFileReference; lastKnownFileType = image.png; path = icon.png; sourceTree = "<group>"; };
		BE31D33F192C82B400316AEC /* icon@2x.png */ = {isa = PBXFileReference; lastKnownFileType = image.png; path = "icon@2x.png"; sourceTree = "<group>"; };
		BE31D340192C82B400316AEC /* icon120.png */ = {isa = PBXFileReference; lastKnownFileType = image.png; path = icon120.png; sourceTree = "<group>"; };
		BE31D341192C82B400316AEC /* icon512x512.png */ = {isa = PBXFileReference; lastKnownFileType = image.png; path = icon512x512.png; sourceTree = "<group>"; };
		BE31D346192C835200316AEC /* Default-568h@2x.png */ = {isa = PBXFileReference; lastKnownFileType = image.png; path = "Default-568h@2x.png"; sourceTree = "<group>"; };
		BE31D347192C835200316AEC /* Default@2x.png */ = {isa = PBXFileReference; lastKnownFileType = image.png; path = "Default@2x.png"; sourceTree = "<group>"; };
		BE31D34B192C84D800316AEC /* RootViewController.h */ = {isa = PBXFileReference; fileEncoding = 4; lastKnownFileType = sourcecode.c.h; path = RootViewController.h; sourceTree = "<group>"; };
		BE31D34C192C84D800316AEC /* RootViewController.m */ = {isa = PBXFileReference; fileEncoding = 4; lastKnownFileType = sourcecode.c.objc; path = RootViewController.m; sourceTree = "<group>"; };
		BE31D356192C9CB600316AEC /* OptionView.h */ = {isa = PBXFileReference; fileEncoding = 4; lastKnownFileType = sourcecode.c.h; path = OptionView.h; sourceTree = "<group>"; };
		BE31D357192C9CB600316AEC /* OptionView.m */ = {isa = PBXFileReference; fileEncoding = 4; lastKnownFileType = sourcecode.c.objc; path = OptionView.m; sourceTree = "<group>"; };
		BE31D35F192D90C400316AEC /* pull_bg@2x.png */ = {isa = PBXFileReference; lastKnownFileType = image.png; path = "pull_bg@2x.png"; sourceTree = "<group>"; };
		BE31D361192D93F300316AEC /* top_bar_6@2x.png */ = {isa = PBXFileReference; lastKnownFileType = image.png; path = "top_bar_6@2x.png"; sourceTree = "<group>"; };
		BE31D362192D93F300316AEC /* top_bar@2x.png */ = {isa = PBXFileReference; lastKnownFileType = image.png; path = "top_bar@2x.png"; sourceTree = "<group>"; };
		BE31D365192D9A0E00316AEC /* line@2x.png */ = {isa = PBXFileReference; lastKnownFileType = image.png; path = "line@2x.png"; sourceTree = "<group>"; };
		BE31D367192D9CD200316AEC /* jt@2x.png */ = {isa = PBXFileReference; lastKnownFileType = image.png; path = "jt@2x.png"; sourceTree = "<group>"; };
		BE31D369192D9EC300316AEC /* FoundTableViewCell.h */ = {isa = PBXFileReference; fileEncoding = 4; lastKnownFileType = sourcecode.c.h; path = FoundTableViewCell.h; sourceTree = "<group>"; };
		BE31D36A192D9EC300316AEC /* FoundTableViewCell.m */ = {isa = PBXFileReference; fileEncoding = 4; lastKnownFileType = sourcecode.c.objc; path = FoundTableViewCell.m; sourceTree = "<group>"; };
		BE31D36C192DACBC00316AEC /* btn_bg@2x.png */ = {isa = PBXFileReference; lastKnownFileType = image.png; path = "btn_bg@2x.png"; sourceTree = "<group>"; };
		BE31D36E192DACFD00316AEC /* btn_icon@2x.png */ = {isa = PBXFileReference; lastKnownFileType = image.png; path = "btn_icon@2x.png"; sourceTree = "<group>"; };
		BE31D372192DCB4700316AEC /* News.h */ = {isa = PBXFileReference; fileEncoding = 4; lastKnownFileType = sourcecode.c.h; path = News.h; sourceTree = "<group>"; };
		BE31D373192DCB4700316AEC /* News.m */ = {isa = PBXFileReference; fileEncoding = 4; lastKnownFileType = sourcecode.c.objc; path = News.m; sourceTree = "<group>"; };
		BE31D375192DCD2A00316AEC /* BmobSDK.framework */ = {isa = PBXFileReference; lastKnownFileType = wrapper.framework; path = BmobSDK.framework; sourceTree = "<group>"; };
		BE31D377192DCD3900316AEC /* CoreLocation.framework */ = {isa = PBXFileReference; lastKnownFileType = wrapper.framework; name = CoreLocation.framework; path = System/Library/Frameworks/CoreLocation.framework; sourceTree = SDKROOT; };
		BE31D379192DCD5200316AEC /* Security.framework */ = {isa = PBXFileReference; lastKnownFileType = wrapper.framework; name = Security.framework; path = System/Library/Frameworks/Security.framework; sourceTree = SDKROOT; };
		BE31D37B192DCD5D00316AEC /* MobileCoreServices.framework */ = {isa = PBXFileReference; lastKnownFileType = wrapper.framework; name = MobileCoreServices.framework; path = System/Library/Frameworks/MobileCoreServices.framework; sourceTree = SDKROOT; };
		BE31D37D192DCD6300316AEC /* CFNetwork.framework */ = {isa = PBXFileReference; lastKnownFileType = wrapper.framework; name = CFNetwork.framework; path = System/Library/Frameworks/CFNetwork.framework; sourceTree = SDKROOT; };
		BE31D37F192DCD6A00316AEC /* CoreTelephony.framework */ = {isa = PBXFileReference; lastKnownFileType = wrapper.framework; name = CoreTelephony.framework; path = System/Library/Frameworks/CoreTelephony.framework; sourceTree = SDKROOT; };
		BE31D381192DCD7000316AEC /* SystemConfiguration.framework */ = {isa = PBXFileReference; lastKnownFileType = wrapper.framework; name = SystemConfiguration.framework; path = System/Library/Frameworks/SystemConfiguration.framework; sourceTree = SDKROOT; };
		BE31D383192DCD7600316AEC /* libz.1.2.5.dylib */ = {isa = PBXFileReference; lastKnownFileType = "compiled.mach-o.dylib"; name = libz.1.2.5.dylib; path = usr/lib/libz.1.2.5.dylib; sourceTree = SDKROOT; };
		BE31D385192DDDFB00316AEC /* AddViewController.h */ = {isa = PBXFileReference; fileEncoding = 4; lastKnownFileType = sourcecode.c.h; path = AddViewController.h; sourceTree = "<group>"; };
		BE31D386192DDDFB00316AEC /* AddViewController.m */ = {isa = PBXFileReference; fileEncoding = 4; lastKnownFileType = sourcecode.c.objc; path = AddViewController.m; sourceTree = "<group>"; };
		BE31D388192DE17000316AEC /* add_@2x.png */ = {isa = PBXFileReference; lastKnownFileType = image.png; path = "add_@2x.png"; sourceTree = "<group>"; };
		BE31D389192DE17000316AEC /* add@2x.png */ = {isa = PBXFileReference; lastKnownFileType = image.png; path = "add@2x.png"; sourceTree = "<group>"; };
		BE31D38C192DE6EE00316AEC /* back_@2x.png */ = {isa = PBXFileReference; lastKnownFileType = image.png; path = "back_@2x.png"; sourceTree = "<group>"; };
		BE31D38D192DE6EE00316AEC /* back@2x.png */ = {isa = PBXFileReference; lastKnownFileType = image.png; path = "back@2x.png"; sourceTree = "<group>"; };
		BE31D38E192DE6EE00316AEC /* yes_@2x.png */ = {isa = PBXFileReference; lastKnownFileType = image.png; path = "yes_@2x.png"; sourceTree = "<group>"; };
		BE31D38F192DE6EE00316AEC /* yes@2x.png */ = {isa = PBXFileReference; lastKnownFileType = image.png; path = "yes@2x.png"; sourceTree = "<group>"; };
		BE31D394192DE8FD00316AEC /* add_bg.png */ = {isa = PBXFileReference; lastKnownFileType = image.png; path = add_bg.png; sourceTree = "<group>"; };
/* End PBXFileReference section */

/* Begin PBXFrameworksBuildPhase section */
		BE31D308192C800F00316AEC /* Frameworks */ = {
			isa = PBXFrameworksBuildPhase;
			buildActionMask = 2147483647;
			files = (
				BE31D384192DCD7600316AEC /* libz.1.2.5.dylib in Frameworks */,
				BE31D382192DCD7000316AEC /* SystemConfiguration.framework in Frameworks */,
				BE31D380192DCD6A00316AEC /* CoreTelephony.framework in Frameworks */,
				BE31D37E192DCD6300316AEC /* CFNetwork.framework in Frameworks */,
				BE31D37C192DCD5D00316AEC /* MobileCoreServices.framework in Frameworks */,
				BE31D37A192DCD5200316AEC /* Security.framework in Frameworks */,
				BE31D378192DCD3900316AEC /* CoreLocation.framework in Frameworks */,
				BE31D311192C800F00316AEC /* CoreGraphics.framework in Frameworks */,
				BE31D313192C800F00316AEC /* UIKit.framework in Frameworks */,
				BE31D30F192C800F00316AEC /* Foundation.framework in Frameworks */,
				BE31D376192DCD2A00316AEC /* BmobSDK.framework in Frameworks */,
			);
			runOnlyForDeploymentPostprocessing = 0;
		};
		BE31D323192C800F00316AEC /* Frameworks */ = {
			isa = PBXFrameworksBuildPhase;
			buildActionMask = 2147483647;
			files = (
				BE31D328192C800F00316AEC /* XCTest.framework in Frameworks */,
				BE31D32A192C800F00316AEC /* UIKit.framework in Frameworks */,
				BE31D329192C800F00316AEC /* Foundation.framework in Frameworks */,
			);
			runOnlyForDeploymentPostprocessing = 0;
		};
/* End PBXFrameworksBuildPhase section */

/* Begin PBXGroup section */
		BE31D302192C800F00316AEC = {
			isa = PBXGroup;
			children = (
				BE31D314192C800F00316AEC /* Found+Lost */,
				BE31D32D192C800F00316AEC /* Found+LostTests */,
				BE31D30D192C800F00316AEC /* Frameworks */,
				BE31D30C192C800F00316AEC /* Products */,
			);
			sourceTree = "<group>";
		};
		BE31D30C192C800F00316AEC /* Products */ = {
			isa = PBXGroup;
			children = (
				BE31D30B192C800F00316AEC /* Found+Lost.app */,
				BE31D326192C800F00316AEC /* Found+LostTests.xctest */,
			);
			name = Products;
			sourceTree = "<group>";
		};
		BE31D30D192C800F00316AEC /* Frameworks */ = {
			isa = PBXGroup;
			children = (
				BE31D383192DCD7600316AEC /* libz.1.2.5.dylib */,
				BE31D381192DCD7000316AEC /* SystemConfiguration.framework */,
				BE31D37F192DCD6A00316AEC /* CoreTelephony.framework */,
				BE31D37D192DCD6300316AEC /* CFNetwork.framework */,
				BE31D37B192DCD5D00316AEC /* MobileCoreServices.framework */,
				BE31D379192DCD5200316AEC /* Security.framework */,
				BE31D377192DCD3900316AEC /* CoreLocation.framework */,
				BE31D375192DCD2A00316AEC /* BmobSDK.framework */,
				BE31D30E192C800F00316AEC /* Foundation.framework */,
				BE31D310192C800F00316AEC /* CoreGraphics.framework */,
				BE31D312192C800F00316AEC /* UIKit.framework */,
				BE31D327192C800F00316AEC /* XCTest.framework */,
			);
			name = Frameworks;
			sourceTree = "<group>";
		};
		BE31D314192C800F00316AEC /* Found+Lost */ = {
			isa = PBXGroup;
			children = (
				BE31D31D192C800F00316AEC /* AppDelegate.h */,
				BE31D31E192C800F00316AEC /* AppDelegate.m */,
				BE31D34A192C849E00316AEC /* viewcontroller */,
				BE31D370192DCAFE00316AEC /* views */,
				BE31D371192DCB1500316AEC /* model */,
				BE31D320192C800F00316AEC /* Images.xcassets */,
				BE31D315192C800F00316AEC /* Supporting Files */,
			);
			path = "Found+Lost";
			sourceTree = "<group>";
		};
		BE31D315192C800F00316AEC /* Supporting Files */ = {
			isa = PBXGroup;
			children = (
				BE31D33D192C82A700316AEC /* images */,
				BE31D316192C800F00316AEC /* Found+Lost-Info.plist */,
				BE31D317192C800F00316AEC /* InfoPlist.strings */,
				BE31D31A192C800F00316AEC /* main.m */,
				BE31D31C192C800F00316AEC /* Found+Lost-Prefix.pch */,
			);
			name = "Supporting Files";
			sourceTree = "<group>";
		};
		BE31D32D192C800F00316AEC /* Found+LostTests */ = {
			isa = PBXGroup;
			children = (
				BE31D333192C800F00316AEC /* Found_LostTests.m */,
				BE31D32E192C800F00316AEC /* Supporting Files */,
			);
			path = "Found+LostTests";
			sourceTree = "<group>";
		};
		BE31D32E192C800F00316AEC /* Supporting Files */ = {
			isa = PBXGroup;
			children = (
				BE31D32F192C800F00316AEC /* Found+LostTests-Info.plist */,
				BE31D330192C800F00316AEC /* InfoPlist.strings */,
			);
			name = "Supporting Files";
			sourceTree = "<group>";
		};
		BE31D33D192C82A700316AEC /* images */ = {
			isa = PBXGroup;
			children = (
				BE31D394192DE8FD00316AEC /* add_bg.png */,
				BE31D38C192DE6EE00316AEC /* back_@2x.png */,
				BE31D38D192DE6EE00316AEC /* back@2x.png */,
				BE31D38E192DE6EE00316AEC /* yes_@2x.png */,
				BE31D38F192DE6EE00316AEC /* yes@2x.png */,
				BE31D388192DE17000316AEC /* add_@2x.png */,
				BE31D389192DE17000316AEC /* add@2x.png */,
				BE31D36E192DACFD00316AEC /* btn_icon@2x.png */,
				BE31D36C192DACBC00316AEC /* btn_bg@2x.png */,
				BE31D367192D9CD200316AEC /* jt@2x.png */,
				BE31D365192D9A0E00316AEC /* line@2x.png */,
				BE31D361192D93F300316AEC /* top_bar_6@2x.png */,
				BE31D362192D93F300316AEC /* top_bar@2x.png */,
				BE31D35F192D90C400316AEC /* pull_bg@2x.png */,
				BE31D35D192D90A500316AEC /* iconAndDefault */,
			);
			name = images;
			sourceTree = "<group>";
		};
		BE31D34A192C849E00316AEC /* viewcontroller */ = {
			isa = PBXGroup;
			children = (
				BE31D34B192C84D800316AEC /* RootViewController.h */,
				BE31D34C192C84D800316AEC /* RootViewController.m */,
				BE31D385192DDDFB00316AEC /* AddViewController.h */,
				BE31D386192DDDFB00316AEC /* AddViewController.m */,
			);
			name = viewcontroller;
			sourceTree = "<group>";
		};
		BE31D35D192D90A500316AEC /* iconAndDefault */ = {
			isa = PBXGroup;
			children = (
				BE31D346192C835200316AEC /* Default-568h@2x.png */,
				BE31D347192C835200316AEC /* Default@2x.png */,
				BE31D33E192C82B400316AEC /* icon.png */,
				BE31D33F192C82B400316AEC /* icon@2x.png */,
				BE31D340192C82B400316AEC /* icon120.png */,
				BE31D341192C82B400316AEC /* icon512x512.png */,
			);
			name = iconAndDefault;
			sourceTree = "<group>";
		};
		BE31D370192DCAFE00316AEC /* views */ = {
			isa = PBXGroup;
			children = (
				BE31D356192C9CB600316AEC /* OptionView.h */,
				BE31D357192C9CB600316AEC /* OptionView.m */,
				BE31D369192D9EC300316AEC /* FoundTableViewCell.h */,
				BE31D36A192D9EC300316AEC /* FoundTableViewCell.m */,
			);
			name = views;
			sourceTree = "<group>";
		};
		BE31D371192DCB1500316AEC /* model */ = {
			isa = PBXGroup;
			children = (
				BE31D372192DCB4700316AEC /* News.h */,
				BE31D373192DCB4700316AEC /* News.m */,
			);
			name = model;
			sourceTree = "<group>";
		};
/* End PBXGroup section */

/* Begin PBXNativeTarget section */
		BE31D30A192C800F00316AEC /* Found+Lost */ = {
			isa = PBXNativeTarget;
			buildConfigurationList = BE31D337192C800F00316AEC /* Build configuration list for PBXNativeTarget "Found+Lost" */;
			buildPhases = (
				BE31D307192C800F00316AEC /* Sources */,
				BE31D308192C800F00316AEC /* Frameworks */,
				BE31D309192C800F00316AEC /* Resources */,
			);
			buildRules = (
			);
			dependencies = (
			);
			name = "Found+Lost";
			productName = "Found+Lost";
			productReference = BE31D30B192C800F00316AEC /* Found+Lost.app */;
			productType = "com.apple.product-type.application";
		};
		BE31D325192C800F00316AEC /* Found+LostTests */ = {
			isa = PBXNativeTarget;
			buildConfigurationList = BE31D33A192C800F00316AEC /* Build configuration list for PBXNativeTarget "Found+LostTests" */;
			buildPhases = (
				BE31D322192C800F00316AEC /* Sources */,
				BE31D323192C800F00316AEC /* Frameworks */,
				BE31D324192C800F00316AEC /* Resources */,
			);
			buildRules = (
			);
			dependencies = (
				BE31D32C192C800F00316AEC /* PBXTargetDependency */,
			);
			name = "Found+LostTests";
			productName = "Found+LostTests";
			productReference = BE31D326192C800F00316AEC /* Found+LostTests.xctest */;
			productType = "com.apple.product-type.bundle.unit-test";
		};
/* End PBXNativeTarget section */

/* Begin PBXProject section */
		BE31D303192C800F00316AEC /* Project object */ = {
			isa = PBXProject;
			attributes = {
				LastUpgradeCheck = 0510;
				ORGANIZATIONNAME = bmob;
				TargetAttributes = {
					BE31D325192C800F00316AEC = {
						TestTargetID = BE31D30A192C800F00316AEC;
					};
				};
			};
			buildConfigurationList = BE31D306192C800F00316AEC /* Build configuration list for PBXProject "Found+Lost" */;
			compatibilityVersion = "Xcode 3.2";
			developmentRegion = English;
			hasScannedForEncodings = 0;
			knownRegions = (
				en,
			);
			mainGroup = BE31D302192C800F00316AEC;
			productRefGroup = BE31D30C192C800F00316AEC /* Products */;
			projectDirPath = "";
			projectRoot = "";
			targets = (
				BE31D30A192C800F00316AEC /* Found+Lost */,
				BE31D325192C800F00316AEC /* Found+LostTests */,
			);
		};
/* End PBXProject section */

/* Begin PBXResourcesBuildPhase section */
		BE31D309192C800F00316AEC /* Resources */ = {
			isa = PBXResourcesBuildPhase;
			buildActionMask = 2147483647;
			files = (
				BE31D392192DE6EE00316AEC /* yes_@2x.png in Resources */,
				BE31D391192DE6EE00316AEC /* back@2x.png in Resources */,
				BE31D395192DE8FD00316AEC /* add_bg.png in Resources */,
				BE31D38A192DE17000316AEC /* add_@2x.png in Resources */,
				BE31D390192DE6EE00316AEC /* back_@2x.png in Resources */,
				BE31D36D192DACBC00316AEC /* btn_bg@2x.png in Resources */,
				BE31D364192D93F300316AEC /* top_bar@2x.png in Resources */,
				BE31D368192D9CD200316AEC /* jt@2x.png in Resources */,
				BE31D349192C835200316AEC /* Default@2x.png in Resources */,
				BE31D393192DE6EE00316AEC /* yes@2x.png in Resources */,
				BE31D348192C835200316AEC /* Default-568h@2x.png in Resources */,
				BE31D360192D90C400316AEC /* pull_bg@2x.png in Resources */,
				BE31D366192D9A0E00316AEC /* line@2x.png in Resources */,
				BE31D319192C800F00316AEC /* InfoPlist.strings in Resources */,
				BE31D36F192DACFD00316AEC /* btn_icon@2x.png in Resources */,
				BE31D345192C82B400316AEC /* icon512x512.png in Resources */,
				BE31D38B192DE17000316AEC /* add@2x.png in Resources */,
				BE31D344192C82B400316AEC /* icon120.png in Resources */,
				BE31D343192C82B400316AEC /* icon@2x.png in Resources */,
				BE31D363192D93F300316AEC /* top_bar_6@2x.png in Resources */,
				BE31D321192C800F00316AEC /* Images.xcassets in Resources */,
				BE31D342192C82B400316AEC /* icon.png in Resources */,
			);
			runOnlyForDeploymentPostprocessing = 0;
		};
		BE31D324192C800F00316AEC /* Resources */ = {
			isa = PBXResourcesBuildPhase;
			buildActionMask = 2147483647;
			files = (
				BE31D332192C800F00316AEC /* InfoPlist.strings in Resources */,
			);
			runOnlyForDeploymentPostprocessing = 0;
		};
/* End PBXResourcesBuildPhase section */

/* Begin PBXSourcesBuildPhase section */
		BE31D307192C800F00316AEC /* Sources */ = {
			isa = PBXSourcesBuildPhase;
			buildActionMask = 2147483647;
			files = (
				BE31D31F192C800F00316AEC /* AppDelegate.m in Sources */,
				BE31D36B192D9EC300316AEC /* FoundTableViewCell.m in Sources */,
				BE31D374192DCB4700316AEC /* News.m in Sources */,
				BE31D387192DDDFB00316AEC /* AddViewController.m in Sources */,
				BE31D31B192C800F00316AEC /* main.m in Sources */,
				BE31D34D192C84D800316AEC /* RootViewController.m in Sources */,
				BE31D358192C9CB600316AEC /* OptionView.m in Sources */,
			);
			runOnlyForDeploymentPostprocessing = 0;
		};
		BE31D322192C800F00316AEC /* Sources */ = {
			isa = PBXSourcesBuildPhase;
			buildActionMask = 2147483647;
			files = (
				BE31D334192C800F00316AEC /* Found_LostTests.m in Sources */,
			);
			runOnlyForDeploymentPostprocessing = 0;
		};
/* End PBXSourcesBuildPhase section */

/* Begin PBXTargetDependency section */
		BE31D32C192C800F00316AEC /* PBXTargetDependency */ = {
			isa = PBXTargetDependency;
			target = BE31D30A192C800F00316AEC /* Found+Lost */;
			targetProxy = BE31D32B192C800F00316AEC /* PBXContainerItemProxy */;
		};
/* End PBXTargetDependency section */

/* Begin PBXVariantGroup section */
		BE31D317192C800F00316AEC /* InfoPlist.strings */ = {
			isa = PBXVariantGroup;
			children = (
				BE31D318192C800F00316AEC /* en */,
			);
			name = InfoPlist.strings;
			sourceTree = "<group>";
		};
		BE31D330192C800F00316AEC /* InfoPlist.strings */ = {
			isa = PBXVariantGroup;
			children = (
				BE31D331192C800F00316AEC /* en */,
			);
			name = InfoPlist.strings;
			sourceTree = "<group>";
		};
/* End PBXVariantGroup section */

/* Begin XCBuildConfiguration section */
		BE31D335192C800F00316AEC /* Debug */ = {
			isa = XCBuildConfiguration;
			buildSettings = {
				ALWAYS_SEARCH_USER_PATHS = NO;
				CLANG_CXX_LANGUAGE_STANDARD = "gnu++0x";
				CLANG_CXX_LIBRARY = "libc++";
				CLANG_ENABLE_MODULES = YES;
				CLANG_ENABLE_OBJC_ARC = YES;
				CLANG_WARN_BOOL_CONVERSION = YES;
				CLANG_WARN_CONSTANT_CONVERSION = YES;
				CLANG_WARN_DIRECT_OBJC_ISA_USAGE = YES_ERROR;
				CLANG_WARN_EMPTY_BODY = YES;
				CLANG_WARN_ENUM_CONVERSION = YES;
				CLANG_WARN_INT_CONVERSION = YES;
				CLANG_WARN_OBJC_ROOT_CLASS = YES_ERROR;
				CLANG_WARN__DUPLICATE_METHOD_MATCH = YES;
				"CODE_SIGN_IDENTITY[sdk=iphoneos*]" = "iPhone Developer";
				COPY_PHASE_STRIP = NO;
				GCC_C_LANGUAGE_STANDARD = gnu99;
				GCC_DYNAMIC_NO_PIC = NO;
				GCC_OPTIMIZATION_LEVEL = 0;
				GCC_PREPROCESSOR_DEFINITIONS = (
					"DEBUG=1",
					"$(inherited)",
				);
				GCC_SYMBOLS_PRIVATE_EXTERN = NO;
				GCC_WARN_64_TO_32_BIT_CONVERSION = YES;
				GCC_WARN_ABOUT_RETURN_TYPE = YES_ERROR;
				GCC_WARN_UNDECLARED_SELECTOR = YES;
				GCC_WARN_UNINITIALIZED_AUTOS = YES_AGGRESSIVE;
				GCC_WARN_UNUSED_FUNCTION = YES;
				GCC_WARN_UNUSED_VARIABLE = YES;
				IPHONEOS_DEPLOYMENT_TARGET = 7.1;
				ONLY_ACTIVE_ARCH = YES;
				SDKROOT = iphoneos;
			};
			name = Debug;
		};
		BE31D336192C800F00316AEC /* Release */ = {
			isa = XCBuildConfiguration;
			buildSettings = {
				ALWAYS_SEARCH_USER_PATHS = NO;
				CLANG_CXX_LANGUAGE_STANDARD = "gnu++0x";
				CLANG_CXX_LIBRARY = "libc++";
				CLANG_ENABLE_MODULES = YES;
				CLANG_ENABLE_OBJC_ARC = YES;
				CLANG_WARN_BOOL_CONVERSION = YES;
				CLANG_WARN_CONSTANT_CONVERSION = YES;
				CLANG_WARN_DIRECT_OBJC_ISA_USAGE = YES_ERROR;
				CLANG_WARN_EMPTY_BODY = YES;
				CLANG_WARN_ENUM_CONVERSION = YES;
				CLANG_WARN_INT_CONVERSION = YES;
				CLANG_WARN_OBJC_ROOT_CLASS = YES_ERROR;
				CLANG_WARN__DUPLICATE_METHOD_MATCH = YES;
				"CODE_SIGN_IDENTITY[sdk=iphoneos*]" = "iPhone Developer";
				COPY_PHASE_STRIP = YES;
				ENABLE_NS_ASSERTIONS = NO;
				GCC_C_LANGUAGE_STANDARD = gnu99;
				GCC_WARN_64_TO_32_BIT_CONVERSION = YES;
				GCC_WARN_ABOUT_RETURN_TYPE = YES_ERROR;
				GCC_WARN_UNDECLARED_SELECTOR = YES;
				GCC_WARN_UNINITIALIZED_AUTOS = YES_AGGRESSIVE;
				GCC_WARN_UNUSED_FUNCTION = YES;
				GCC_WARN_UNUSED_VARIABLE = YES;
				IPHONEOS_DEPLOYMENT_TARGET = 7.1;
				SDKROOT = iphoneos;
				VALIDATE_PRODUCT = YES;
			};
			name = Release;
		};
		BE31D338192C800F00316AEC /* Debug */ = {
			isa = XCBuildConfiguration;
			buildSettings = {
				FRAMEWORK_SEARCH_PATHS = (
					"$(inherited)",
					"$(PROJECT_DIR)",
				);
				GCC_PRECOMPILE_PREFIX_HEADER = YES;
				GCC_PREFIX_HEADER = "Found+Lost/Found+Lost-Prefix.pch";
				INFOPLIST_FILE = "Found+Lost/Found+Lost-Info.plist";
				IPHONEOS_DEPLOYMENT_TARGET = 6.0;
				PRODUCT_NAME = "$(TARGET_NAME)";
				WRAPPER_EXTENSION = app;
			};
			name = Debug;
		};
		BE31D339192C800F00316AEC /* Release */ = {
			isa = XCBuildConfiguration;
			buildSettings = {
				FRAMEWORK_SEARCH_PATHS = (
					"$(inherited)",
					"$(PROJECT_DIR)",
				);
				GCC_PRECOMPILE_PREFIX_HEADER = YES;
				GCC_PREFIX_HEADER = "Found+Lost/Found+Lost-Prefix.pch";
				INFOPLIST_FILE = "Found+Lost/Found+Lost-Info.plist";
				IPHONEOS_DEPLOYMENT_TARGET = 6.0;
				PRODUCT_NAME = "$(TARGET_NAME)";
				WRAPPER_EXTENSION = app;
			};
			name = Release;
		};
		BE31D33B192C800F00316AEC /* Debug */ = {
			isa = XCBuildConfiguration;
			buildSettings = {
				BUNDLE_LOADER = "$(BUILT_PRODUCTS_DIR)/Found+Lost.app/Found+Lost";
				FRAMEWORK_SEARCH_PATHS = (
					"$(SDKROOT)/Developer/Library/Frameworks",
					"$(inherited)",
					"$(DEVELOPER_FRAMEWORKS_DIR)",
				);
				GCC_PRECOMPILE_PREFIX_HEADER = YES;
				GCC_PREFIX_HEADER = "Found+Lost/Found+Lost-Prefix.pch";
				GCC_PREPROCESSOR_DEFINITIONS = (
					"DEBUG=1",
					"$(inherited)",
				);
				INFOPLIST_FILE = "Found+LostTests/Found+LostTests-Info.plist";
				PRODUCT_NAME = "$(TARGET_NAME)";
				TEST_HOST = "$(BUNDLE_LOADER)";
				WRAPPER_EXTENSION = xctest;
			};
			name = Debug;
		};
		BE31D33C192C800F00316AEC /* Release */ = {
			isa = XCBuildConfiguration;
			buildSettings = {
				BUNDLE_LOADER = "$(BUILT_PRODUCTS_DIR)/Found+Lost.app/Found+Lost";
				FRAMEWORK_SEARCH_PATHS = (
					"$(SDKROOT)/Developer/Library/Frameworks",
					"$(inherited)",
					"$(DEVELOPER_FRAMEWORKS_DIR)",
				);
				GCC_PRECOMPILE_PREFIX_HEADER = YES;
				GCC_PREFIX_HEADER = "Found+Lost/Found+Lost-Prefix.pch";
				INFOPLIST_FILE = "Found+LostTests/Found+LostTests-Info.plist";
				PRODUCT_NAME = "$(TARGET_NAME)";
				TEST_HOST = "$(BUNDLE_LOADER)";
				WRAPPER_EXTENSION = xctest;
			};
			name = Release;
		};
/* End XCBuildConfiguration section */

/* Begin XCConfigurationList section */
		BE31D306192C800F00316AEC /* Build configuration list for PBXProject "Found+Lost" */ = {
			isa = XCConfigurationList;
			buildConfigurations = (
				BE31D335192C800F00316AEC /* Debug */,
				BE31D336192C800F00316AEC /* Release */,
			);
			defaultConfigurationIsVisible = 0;
			defaultConfigurationName = Release;
		};
		BE31D337192C800F00316AEC /* Build configuration list for PBXNativeTarget "Found+Lost" */ = {
			isa = XCConfigurationList;
			buildConfigurations = (
				BE31D338192C800F00316AEC /* Debug */,
				BE31D339192C800F00316AEC /* Release */,
			);
			defaultConfigurationIsVisible = 0;
		};
		BE31D33A192C800F00316AEC /* Build configuration list for PBXNativeTarget "Found+LostTests" */ = {
			isa = XCConfigurationList;
			buildConfigurations = (
				BE31D33B192C800F00316AEC /* Debug */,
				BE31D33C192C800F00316AEC /* Release */,
			);
			defaultConfigurationIsVisible = 0;
		};
/* End XCConfigurationList section */
	};
	rootObject = BE31D303192C800F00316AEC /* Project object */;
}
